
Microsoft Visual Studio Solution File, Format Version 12.00
# Visual Studio Version 17
VisualStudioVersion = 17.13.35806.99 d17.13
MinimumVisualStudioVersion = 10.0.40219.1
Project("{FAE04EC0-301F-11D3-BF4B-00C04F79EFBC}") = "PRUEBA", "PRUEBA\PRUEBA.csproj", "{08611419-DA79-48EE-A153-1BF14CA3C26F}"
EndProject
Global
	GlobalSection(SolutionConfigurationPlatforms) = preSolution
		Debug|Any CPU = Debug|Any CPU
		Release|Any CPU = Release|Any CPU
	EndGlobalSection
	GlobalSection(ProjectConfigurationPlatforms) = postSolution
		{08611419-DA79-48EE-A153-1BF14CA3C26F}.Debug|Any CPU.ActiveCfg = Debug|Any CPU
		{08611419-DA79-48EE-A153-1BF14CA3C26F}.Debug|Any CPU.Build.0 = Debug|Any CPU
		{08611419-DA79-48EE-A153-1BF14CA3C26F}.Release|Any CPU.ActiveCfg = Release|Any CPU
		{08611419-DA79-48EE-A153-1BF14CA3C26F}.Release|Any CPU.Build.0 = Release|Any CPU
	EndGlobalSection
	GlobalSection(SolutionProperties) = preSolution
		HideSolutionNode = FALSE
	EndGlobalSection
	GlobalSection(ExtensibilityGlobals) = postSolution
		SolutionGuid = {3620B214-FA86-40ED-A905-3ED92461D575}
	EndGlobalSection
EndGlobal
